// !$*UTF8*$!
{
	archiveVersion = 1;
	classes = {
	};
	objectVersion = 50;
	objects = {

/* Begin PBXBuildFile section */
		55600A1D25E6EB28008EDC01 /* SnowSeekerApp.swift in Sources */ = {isa = PBXBuildFile; fileRef = 55600A1C25E6EB28008EDC01 /* SnowSeekerApp.swift */; };
		55600A1F25E6EB28008EDC01 /* ContentView.swift in Sources */ = {isa = PBXBuildFile; fileRef = 55600A1E25E6EB28008EDC01 /* ContentView.swift */; };
		55600A2125E6EB30008EDC01 /* Assets.xcassets in Resources */ = {isa = PBXBuildFile; fileRef = 55600A2025E6EB30008EDC01 /* Assets.xcassets */; };
		55600A2425E6EB30008EDC01 /* Preview Assets.xcassets in Resources */ = {isa = PBXBuildFile; fileRef = 55600A2325E6EB30008EDC01 /* Preview Assets.xcassets */; };
		55600A2D25E7395C008EDC01 /* TwoExampleView.swift in Sources */ = {isa = PBXBuildFile; fileRef = 55600A2C25E7395C008EDC01 /* TwoExampleView.swift */; };
		55600A3025E73B33008EDC01 /* OptionalSheetAlertView.swift in Sources */ = {isa = PBXBuildFile; fileRef = 55600A2F25E73B33008EDC01 /* OptionalSheetAlertView.swift */; };
		55600A3325E73E12008EDC01 /* TransparentGroupContainerView.swift in Sources */ = {isa = PBXBuildFile; fileRef = 55600A3225E73E12008EDC01 /* TransparentGroupContainerView.swift */; };
		55600A3625E88684008EDC01 /* resorts.json in Resources */ = {isa = PBXBuildFile; fileRef = 55600A3525E88684008EDC01 /* resorts.json */; };
		55600A3925E886CD008EDC01 /* Resort.swift in Sources */ = {isa = PBXBuildFile; fileRef = 55600A3825E886CD008EDC01 /* Resort.swift */; };
		55600A3C25E887D8008EDC01 /* Bundle-Decodable.swift in Sources */ = {isa = PBXBuildFile; fileRef = 55600A3B25E887D8008EDC01 /* Bundle-Decodable.swift */; };
		55600A3F25E88C72008EDC01 /* WelcomeView.swift in Sources */ = {isa = PBXBuildFile; fileRef = 55600A3E25E88C72008EDC01 /* WelcomeView.swift */; };
		55600A4225E88DAA008EDC01 /* ResortView.swift in Sources */ = {isa = PBXBuildFile; fileRef = 55600A4125E88DAA008EDC01 /* ResortView.swift */; };
		55600A4525E88FB8008EDC01 /* SkiDetailsView.swift in Sources */ = {isa = PBXBuildFile; fileRef = 55600A4425E88FB8008EDC01 /* SkiDetailsView.swift */; };
		55600A4825E8903B008EDC01 /* ResortDetailsView.swift in Sources */ = {isa = PBXBuildFile; fileRef = 55600A4725E8903B008EDC01 /* ResortDetailsView.swift */; };
		55600A4B25E9D6B6008EDC01 /* Facility.swift in Sources */ = {isa = PBXBuildFile; fileRef = 55600A4A25E9D6B6008EDC01 /* Facility.swift */; };
		55600A4E25E9DF4B008EDC01 /* Favorites.swift in Sources */ = {isa = PBXBuildFile; fileRef = 55600A4D25E9DF4B008EDC01 /* Favorites.swift */; };
/* End PBXBuildFile section */

/* Begin PBXFileReference section */
		55600A1925E6EB28008EDC01 /* SnowSeeker.app */ = {isa = PBXFileReference; explicitFileType = wrapper.application; includeInIndex = 0; path = SnowSeeker.app; sourceTree = BUILT_PRODUCTS_DIR; };
		55600A1C25E6EB28008EDC01 /* SnowSeekerApp.swift */ = {isa = PBXFileReference; lastKnownFileType = sourcecode.swift; path = SnowSeekerApp.swift; sourceTree = "<group>"; };
		55600A1E25E6EB28008EDC01 /* ContentView.swift */ = {isa = PBXFileReference; lastKnownFileType = sourcecode.swift; path = ContentView.swift; sourceTree = "<group>"; };
		55600A2025E6EB30008EDC01 /* Assets.xcassets */ = {isa = PBXFileReference; lastKnownFileType = folder.assetcatalog; path = Assets.xcassets; sourceTree = "<group>"; };
		55600A2325E6EB30008EDC01 /* Preview Assets.xcassets */ = {isa = PBXFileReference; lastKnownFileType = folder.assetcatalog; path = "Preview Assets.xcassets"; sourceTree = "<group>"; };
		55600A2525E6EB30008EDC01 /* Info.plist */ = {isa = PBXFileReference; lastKnownFileType = text.plist.xml; path = Info.plist; sourceTree = "<group>"; };
		55600A2C25E7395C008EDC01 /* TwoExampleView.swift */ = {isa = PBXFileReference; lastKnownFileType = sourcecode.swift; path = TwoExampleView.swift; sourceTree = "<group>"; };
		55600A2F25E73B33008EDC01 /* OptionalSheetAlertView.swift */ = {isa = PBXFileReference; lastKnownFileType = sourcecode.swift; path = OptionalSheetAlertView.swift; sourceTree = "<group>"; };
		55600A3225E73E12008EDC01 /* TransparentGroupContainerView.swift */ = {isa = PBXFileReference; lastKnownFileType = sourcecode.swift; path = TransparentGroupContainerView.swift; sourceTree = "<group>"; };
		55600A3525E88684008EDC01 /* resorts.json */ = {isa = PBXFileReference; fileEncoding = 4; lastKnownFileType = text.json; name = resorts.json; path = "../../../../../Downloads/HackingWithSwift-main/SwiftUI/project19-files/resorts.json"; sourceTree = "<group>"; };
		55600A3825E886CD008EDC01 /* Resort.swift */ = {isa = PBXFileReference; lastKnownFileType = sourcecode.swift; path = Resort.swift; sourceTree = "<group>"; };
		55600A3B25E887D8008EDC01 /* Bundle-Decodable.swift */ = {isa = PBXFileReference; lastKnownFileType = sourcecode.swift; path = "Bundle-Decodable.swift"; sourceTree = "<group>"; };
		55600A3E25E88C72008EDC01 /* WelcomeView.swift */ = {isa = PBXFileReference; lastKnownFileType = sourcecode.swift; path = WelcomeView.swift; sourceTree = "<group>"; };
		55600A4125E88DAA008EDC01 /* ResortView.swift */ = {isa = PBXFileReference; lastKnownFileType = sourcecode.swift; path = ResortView.swift; sourceTree = "<group>"; };
		55600A4425E88FB8008EDC01 /* SkiDetailsView.swift */ = {isa = PBXFileReference; lastKnownFileType = sourcecode.swift; path = SkiDetailsView.swift; sourceTree = "<group>"; };
		55600A4725E8903B008EDC01 /* ResortDetailsView.swift */ = {isa = PBXFileReference; lastKnownFileType = sourcecode.swift; path = ResortDetailsView.swift; sourceTree = "<group>"; };
		55600A4A25E9D6B6008EDC01 /* Facility.swift */ = {isa = PBXFileReference; lastKnownFileType = sourcecode.swift; path = Facility.swift; sourceTree = "<group>"; };
		55600A4D25E9DF4B008EDC01 /* Favorites.swift */ = {isa = PBXFileReference; lastKnownFileType = sourcecode.swift; path = Favorites.swift; sourceTree = "<group>"; };
/* End PBXFileReference section */

/* Begin PBXFrameworksBuildPhase section */
		55600A1625E6EB28008EDC01 /* Frameworks */ = {
			isa = PBXFrameworksBuildPhase;
			buildActionMask = 2147483647;
			files = (
			);
			runOnlyForDeploymentPostprocessing = 0;
		};
/* End PBXFrameworksBuildPhase section */

/* Begin PBXGroup section */
		55600A1025E6EB28008EDC01 = {
			isa = PBXGroup;
			children = (
				55600A1B25E6EB28008EDC01 /* SnowSeeker */,
				55600A1A25E6EB28008EDC01 /* Products */,
			);
			sourceTree = "<group>";
		};
		55600A1A25E6EB28008EDC01 /* Products */ = {
			isa = PBXGroup;
			children = (
				55600A1925E6EB28008EDC01 /* SnowSeeker.app */,
			);
			name = Products;
			sourceTree = "<group>";
		};
		55600A1B25E6EB28008EDC01 /* SnowSeeker */ = {
			isa = PBXGroup;
			children = (
				55600A3525E88684008EDC01 /* resorts.json */,
				55600A1C25E6EB28008EDC01 /* SnowSeekerApp.swift */,
				55600A1E25E6EB28008EDC01 /* ContentView.swift */,
				55600A2025E6EB30008EDC01 /* Assets.xcassets */,
				55600A2525E6EB30008EDC01 /* Info.plist */,
				55600A2225E6EB30008EDC01 /* Preview Content */,
				55600A2C25E7395C008EDC01 /* TwoExampleView.swift */,
				55600A2F25E73B33008EDC01 /* OptionalSheetAlertView.swift */,
				55600A3225E73E12008EDC01 /* TransparentGroupContainerView.swift */,
				55600A3825E886CD008EDC01 /* Resort.swift */,
				55600A3B25E887D8008EDC01 /* Bundle-Decodable.swift */,
				55600A3E25E88C72008EDC01 /* WelcomeView.swift */,
				55600A4125E88DAA008EDC01 /* ResortView.swift */,
				55600A4425E88FB8008EDC01 /* SkiDetailsView.swift */,
				55600A4725E8903B008EDC01 /* ResortDetailsView.swift */,
				55600A4A25E9D6B6008EDC01 /* Facility.swift */,
				55600A4D25E9DF4B008EDC01 /* Favorites.swift */,
			);
			path = SnowSeeker;
			sourceTree = "<group>";
		};
		55600A2225E6EB30008EDC01 /* Preview Content */ = {
			isa = PBXGroup;
			children = (
				55600A2325E6EB30008EDC01 /* Preview Assets.xcassets */,
			);
			path = "Preview Content";
			sourceTree = "<group>";
		};
/* End PBXGroup section */

/* Begin PBXNativeTarget section */
		55600A1825E6EB28008EDC01 /* SnowSeeker */ = {
			isa = PBXNativeTarget;
			buildConfigurationList = 55600A2825E6EB30008EDC01 /* Build configuration list for PBXNativeTarget "SnowSeeker" */;
			buildPhases = (
				55600A1525E6EB28008EDC01 /* Sources */,
				55600A1625E6EB28008EDC01 /* Frameworks */,
				55600A1725E6EB28008EDC01 /* Resources */,
			);
			buildRules = (
			);
			dependencies = (
			);
			name = SnowSeeker;
			productName = SnowSeeker;
			productReference = 55600A1925E6EB28008EDC01 /* SnowSeeker.app */;
			productType = "com.apple.product-type.application";
		};
/* End PBXNativeTarget section */

/* Begin PBXProject section */
		55600A1125E6EB28008EDC01 /* Project object */ = {
			isa = PBXProject;
			attributes = {
				LastSwiftUpdateCheck = 1240;
				LastUpgradeCheck = 1240;
				TargetAttributes = {
					55600A1825E6EB28008EDC01 = {
						CreatedOnToolsVersion = 12.4;
					};
				};
			};
			buildConfigurationList = 55600A1425E6EB28008EDC01 /* Build configuration list for PBXProject "SnowSeeker" */;
			compatibilityVersion = "Xcode 9.3";
			developmentRegion = en;
			hasScannedForEncodings = 0;
			knownRegions = (
				en,
				Base,
			);
			mainGroup = 55600A1025E6EB28008EDC01;
			productRefGroup = 55600A1A25E6EB28008EDC01 /* Products */;
			projectDirPath = "";
			projectRoot = "";
			targets = (
				55600A1825E6EB28008EDC01 /* SnowSeeker */,
			);
		};
/* End PBXProject section */

/* Begin PBXResourcesBuildPhase section */
		55600A1725E6EB28008EDC01 /* Resources */ = {
			isa = PBXResourcesBuildPhase;
			buildActionMask = 2147483647;
			files = (
				55600A3625E88684008EDC01 /* resorts.json in Resources */,
				55600A2425E6EB30008EDC01 /* Preview Assets.xcassets in Resources */,
				55600A2125E6EB30008EDC01 /* Assets.xcassets in Resources */,
			);
			runOnlyForDeploymentPostprocessing = 0;
		};
/* End PBXResourcesBuildPhase section */

/* Begin PBXSourcesBuildPhase section */
		55600A1525E6EB28008EDC01 /* Sources */ = {
			isa = PBXSourcesBuildPhase;
			buildActionMask = 2147483647;
			files = (
				55600A3325E73E12008EDC01 /* TransparentGroupContainerView.swift in Sources */,
				55600A4525E88FB8008EDC01 /* SkiDetailsView.swift in Sources */,
				55600A1F25E6EB28008EDC01 /* ContentView.swift in Sources */,
				55600A3025E73B33008EDC01 /* OptionalSheetAlertView.swift in Sources */,
				55600A4825E8903B008EDC01 /* ResortDetailsView.swift in Sources */,
				55600A4225E88DAA008EDC01 /* ResortView.swift in Sources */,
				55600A4B25E9D6B6008EDC01 /* Facility.swift in Sources */,
				55600A3F25E88C72008EDC01 /* WelcomeView.swift in Sources */,
				55600A1D25E6EB28008EDC01 /* SnowSeekerApp.swift in Sources */,
				55600A3925E886CD008EDC01 /* Resort.swift in Sources */,
				55600A3C25E887D8008EDC01 /* Bundle-Decodable.swift in Sources */,
				55600A2D25E7395C008EDC01 /* TwoExampleView.swift in Sources */,
				55600A4E25E9DF4B008EDC01 /* Favorites.swift in Sources */,
			);
			runOnlyForDeploymentPostprocessing = 0;
		};
/* End PBXSourcesBuildPhase section */

/* Begin XCBuildConfiguration section */
		55600A2625E6EB30008EDC01 /* Debug */ = {
			isa = XCBuildConfiguration;
			buildSettings = {
				ALWAYS_SEARCH_USER_PATHS = NO;
				CLANG_ANALYZER_NONNULL = YES;
				CLANG_ANALYZER_NUMBER_OBJECT_CONVERSION = YES_AGGRESSIVE;
				CLANG_CXX_LANGUAGE_STANDARD = "gnu++14";
				CLANG_CXX_LIBRARY = "libc++";
				CLANG_ENABLE_MODULES = YES;
				CLANG_ENABLE_OBJC_ARC = YES;
				CLANG_ENABLE_OBJC_WEAK = YES;
				CLANG_WARN_BLOCK_CAPTURE_AUTORELEASING = YES;
				CLANG_WARN_BOOL_CONVERSION = YES;
				CLANG_WARN_COMMA = YES;
				CLANG_WARN_CONSTANT_CONVERSION = YES;
				CLANG_WARN_DEPRECATED_OBJC_IMPLEMENTATIONS = YES;
				CLANG_WARN_DIRECT_OBJC_ISA_USAGE = YES_ERROR;
				CLANG_WARN_DOCUMENTATION_COMMENTS = YES;
				CLANG_WARN_EMPTY_BODY = YES;
				CLANG_WARN_ENUM_CONVERSION = YES;
				CLANG_WARN_INFINITE_RECURSION = YES;
				CLANG_WARN_INT_CONVERSION = YES;
				CLANG_WARN_NON_LITERAL_NULL_CONVERSION = YES;
				CLANG_WARN_OBJC_IMPLICIT_RETAIN_SELF = YES;
				CLANG_WARN_OBJC_LITERAL_CONVERSION = YES;
				CLANG_WARN_OBJC_ROOT_CLASS = YES_ERROR;
				CLANG_WARN_QUOTED_INCLUDE_IN_FRAMEWORK_HEADER = YES;
				CLANG_WARN_RANGE_LOOP_ANALYSIS = YES;
				CLANG_WARN_STRICT_PROTOTYPES = YES;
				CLANG_WARN_SUSPICIOUS_MOVE = YES;
				CLANG_WARN_UNGUARDED_AVAILABILITY = YES_AGGRESSIVE;
				CLANG_WARN_UNREACHABLE_CODE = YES;
				CLANG_WARN__DUPLICATE_METHOD_MATCH = YES;
				COPY_PHASE_STRIP = NO;
				DEBUG_INFORMATION_FORMAT = dwarf;
				ENABLE_STRICT_OBJC_MSGSEND = YES;
				ENABLE_TESTABILITY = YES;
				GCC_C_LANGUAGE_STANDARD = gnu11;
				GCC_DYNAMIC_NO_PIC = NO;
				GCC_NO_COMMON_BLOCKS = YES;
				GCC_OPTIMIZATION_LEVEL = 0;
				GCC_PREPROCESSOR_DEFINITIONS = (
					"DEBUG=1",
					"$(inherited)",
				);
				GCC_WARN_64_TO_32_BIT_CONVERSION = YES;
				GCC_WARN_ABOUT_RETURN_TYPE = YES_ERROR;
				GCC_WARN_UNDECLARED_SELECTOR = YES;
				GCC_WARN_UNINITIALIZED_AUTOS = YES_AGGRESSIVE;
				GCC_WARN_UNUSED_FUNCTION = YES;
				GCC_WARN_UNUSED_VARIABLE = YES;
				IPHONEOS_DEPLOYMENT_TARGET = 14.4;
				MTL_ENABLE_DEBUG_INFO = INCLUDE_SOURCE;
				MTL_FAST_MATH = YES;
				ONLY_ACTIVE_ARCH = YES;
				SDKROOT = iphoneos;
				SWIFT_ACTIVE_COMPILATION_CONDITIONS = DEBUG;
				SWIFT_OPTIMIZATION_LEVEL = "-Onone";
			};
			name = Debug;
		};
		55600A2725E6EB30008EDC01 /* Release */ = {
			isa = XCBuildConfiguration;
			buildSettings = {
				ALWAYS_SEARCH_USER_PATHS = NO;
				CLANG_ANALYZER_NONNULL = YES;
				CLANG_ANALYZER_NUMBER_OBJECT_CONVERSION = YES_AGGRESSIVE;
				CLANG_CXX_LANGUAGE_STANDARD = "gnu++14";
				CLANG_CXX_LIBRARY = "libc++";
				CLANG_ENABLE_MODULES = YES;
				CLANG_ENABLE_OBJC_ARC = YES;
				CLANG_ENABLE_OBJC_WEAK = YES;
				CLANG_WARN_BLOCK_CAPTURE_AUTORELEASING = YES;
				CLANG_WARN_BOOL_CONVERSION = YES;
				CLANG_WARN_COMMA = YES;
				CLANG_WARN_CONSTANT_CONVERSION = YES;
				CLANG_WARN_DEPRECATED_OBJC_IMPLEMENTATIONS = YES;
				CLANG_WARN_DIRECT_OBJC_ISA_USAGE = YES_ERROR;
				CLANG_WARN_DOCUMENTATION_COMMENTS = YES;
				CLANG_WARN_EMPTY_BODY = YES;
				CLANG_WARN_ENUM_CONVERSION = YES;
				CLANG_WARN_INFINITE_RECURSION = YES;
				CLANG_WARN_INT_CONVERSION = YES;
				CLANG_WARN_NON_LITERAL_NULL_CONVERSION = YES;
				CLANG_WARN_OBJC_IMPLICIT_RETAIN_SELF = YES;
				CLANG_WARN_OBJC_LITERAL_CONVERSION = YES;
				CLANG_WARN_OBJC_ROOT_CLASS = YES_ERROR;
				CLANG_WARN_QUOTED_INCLUDE_IN_FRAMEWORK_HEADER = YES;
				CLANG_WARN_RANGE_LOOP_ANALYSIS = YES;
				CLANG_WARN_STRICT_PROTOTYPES = YES;
				CLANG_WARN_SUSPICIOUS_MOVE = YES;
				CLANG_WARN_UNGUARDED_AVAILABILITY = YES_AGGRESSIVE;
				CLANG_WARN_UNREACHABLE_CODE = YES;
				CLANG_WARN__DUPLICATE_METHOD_MATCH = YES;
				COPY_PHASE_STRIP = NO;
				DEBUG_INFORMATION_FORMAT = "dwarf-with-dsym";
				ENABLE_NS_ASSERTIONS = NO;
				ENABLE_STRICT_OBJC_MSGSEND = YES;
				GCC_C_LANGUAGE_STANDARD = gnu11;
				GCC_NO_COMMON_BLOCKS = YES;
				GCC_WARN_64_TO_32_BIT_CONVERSION = YES;
				GCC_WARN_ABOUT_RETURN_TYPE = YES_ERROR;
				GCC_WARN_UNDECLARED_SELECTOR = YES;
				GCC_WARN_UNINITIALIZED_AUTOS = YES_AGGRESSIVE;
				GCC_WARN_UNUSED_FUNCTION = YES;
				GCC_WARN_UNUSED_VARIABLE = YES;
				IPHONEOS_DEPLOYMENT_TARGET = 14.4;
				MTL_ENABLE_DEBUG_INFO = NO;
				MTL_FAST_MATH = YES;
				SDKROOT = iphoneos;
				SWIFT_COMPILATION_MODE = wholemodule;
				SWIFT_OPTIMIZATION_LEVEL = "-O";
				VALIDATE_PRODUCT = YES;
			};
			name = Release;
		};
		55600A2925E6EB30008EDC01 /* Debug */ = {
			isa = XCBuildConfiguration;
			buildSettings = {
				ASSETCATALOG_COMPILER_APPICON_NAME = AppIcon;
				ASSETCATALOG_COMPILER_GLOBAL_ACCENT_COLOR_NAME = AccentColor;
				CODE_SIGN_STYLE = Automatic;
				DEVELOPMENT_ASSET_PATHS = "\"SnowSeeker/Preview Content\"";
				DEVELOPMENT_TEAM = 4372MH6XLY;
				ENABLE_PREVIEWS = YES;
				INFOPLIST_FILE = SnowSeeker/Info.plist;
				IPHONEOS_DEPLOYMENT_TARGET = 14.0;
				LD_RUNPATH_SEARCH_PATHS = (
					"$(inherited)",
					"@executable_path/Frameworks",
				);
				PRODUCT_BUNDLE_IDENTIFIER = com.solfware.SnowSeeker;
				PRODUCT_NAME = "$(TARGET_NAME)";
				SWIFT_VERSION = 5.0;
				TARGETED_DEVICE_FAMILY = "1,2";
			};
			name = Debug;
		};
		55600A2A25E6EB30008EDC01 /* Release */ = {
			isa = XCBuildConfiguration;
			buildSettings = {
				ASSETCATALOG_COMPILER_APPICON_NAME = AppIcon;
				ASSETCATALOG_COMPILER_GLOBAL_ACCENT_COLOR_NAME = AccentColor;
				CODE_SIGN_STYLE = Automatic;
				DEVELOPMENT_ASSET_PATHS = "\"SnowSeeker/Preview Content\"";
				DEVELOPMENT_TEAM = 4372MH6XLY;
				ENABLE_PREVIEWS = YES;
				INFOPLIST_FILE = SnowSeeker/Info.plist;
				IPHONEOS_DEPLOYMENT_TARGET = 14.0;
				LD_RUNPATH_SEARCH_PATHS = (
					"$(inherited)",
					"@executable_path/Frameworks",
				);
				PRODUCT_BUNDLE_IDENTIFIER = com.solfware.SnowSeeker;
				PRODUCT_NAME = "$(TARGET_NAME)";
				SWIFT_VERSION = 5.0;
				TARGETED_DEVICE_FAMILY = "1,2";
			};
			name = Release;
		};
/* End XCBuildConfiguration section */

/* Begin XCConfigurationList section */
		55600A1425E6EB28008EDC01 /* Build configuration list for PBXProject "SnowSeeker" */ = {
			isa = XCConfigurationList;
			buildConfigurations = (
				55600A2625E6EB30008EDC01 /* Debug */,
				55600A2725E6EB30008EDC01 /* Release */,
			);
			defaultConfigurationIsVisible = 0;
			defaultConfigurationName = Release;
		};
		55600A2825E6EB30008EDC01 /* Build configuration list for PBXNativeTarget "SnowSeeker" */ = {
			isa = XCConfigurationList;
			buildConfigurations = (
				55600A2925E6EB30008EDC01 /* Debug */,
				55600A2A25E6EB30008EDC01 /* Release */,
			);
			defaultConfigurationIsVisible = 0;
			defaultConfigurationName = Release;
		};
/* End XCConfigurationList section */
	};
	rootObject = 55600A1125E6EB28008EDC01 /* Project object */;
}
